# This file is automatically @generated by Poetry 1.8.3 and should not be changed by hand.

[[package]]
name = "dnspython"
version = "2.6.1"
description = "DNS toolkit"
optional = false
python-versions = ">=3.8"
files = [
    {file = "dnspython-2.6.1-py3-none-any.whl", hash = "sha256:5ef3b9680161f6fa89daf8ad451b5f1a33b18ae8a1c6778cdf4b43f08c0a6e50"},
    {file = "dnspython-2.6.1.tar.gz", hash = "sha256:e8f0f9c23a7b7cb99ded64e6c3a6f3e701d78f50c55e002b839dea7225cff7cc"},
]

[package.extras]
dev = ["black (>=23.1.0)", "coverage (>=7.0)", "flake8 (>=7)", "mypy (>=1.8)", "pylint (>=3)", "pytest (>=7.4)", "pytest-cov (>=4.1.0)", "sphinx (>=7.2.0)", "twine (>=4.0.0)", "wheel (>=0.42.0)"]
dnssec = ["cryptography (>=41)"]
doh = ["h2 (>=4.1.0)", "httpcore (>=1.0.0)", "httpx (>=0.26.0)"]
doq = ["aioquic (>=0.9.25)"]
idna = ["idna (>=3.6)"]
trio = ["trio (>=0.23)"]
wmi = ["wmi (>=1.5.1)"]

[[package]]
name = "meval"
version = "2.5"
description = "Performs async evaluations of strings"
optional = false
python-versions = ">=3.5"
files = [
    {file = "meval-2.5-py3-none-any.whl", hash = "sha256:24430865001b5596864a7c28f423294edadaac57af9ab6964dda3eabc8762577"},
    {file = "meval-2.5.tar.gz", hash = "sha256:a5aa481617f1fd07a5972076cd3aa14e38515ac84b3ff028efdf76371a856765"},
]

[[package]]
name = "motor"
version = "3.6.0"
description = "Non-blocking MongoDB driver for Tornado or asyncio"
optional = false
python-versions = ">=3.8"
files = [
    {file = "motor-3.6.0-py3-none-any.whl", hash = "sha256:9f07ed96f1754963d4386944e1b52d403a5350c687edc60da487d66f98dbf894"},
    {file = "motor-3.6.0.tar.gz", hash = "sha256:0ef7f520213e852bf0eac306adf631aabe849227d8aec900a2612512fb9c5b8d"},
]

[package.dependencies]
pymongo = ">=4.9,<4.10"

[package.extras]
aws = ["pymongo[aws] (>=4.5,<5)"]
docs = ["aiohttp", "furo (==2024.8.6)", "readthedocs-sphinx-search (>=0.3,<1.0)", "sphinx (>=5.3,<8)", "sphinx-rtd-theme (>=2,<3)", "tornado"]
encryption = ["pymongo[encryption] (>=4.5,<5)"]
gssapi = ["pymongo[gssapi] (>=4.5,<5)"]
ocsp = ["pymongo[ocsp] (>=4.5,<5)"]
snappy = ["pymongo[snappy] (>=4.5,<5)"]
test = ["aiohttp (>=3.8.7)", "cffi (>=1.17.0rc1)", "mockupdb", "pymongo[encryption] (>=4.5,<5)", "pytest (>=7)", "pytest-asyncio", "tornado (>=5)"]
zstd = ["pymongo[zstd] (>=4.5,<5)"]

[[package]]
name = "pyaes"
version = "1.6.1"
description = "Pure-Python Implementation of the AES block-cipher and common modes of operation"
optional = false
python-versions = "*"
files = [
    {file = "pyaes-1.6.1.tar.gz", hash = "sha256:02c1b1405c38d3c370b085fb952dd8bea3fadcee6411ad99f312cc129c536d8f"},
]

[[package]]
name = "pymediainfo-pyrofork"
version = "6.0.1"
description = "A Python wrapper for the mediainfo library."
optional = false
python-versions = ">=3.7"
files = [
    {file = "pymediainfo-pyrofork-6.0.1.tar.gz", hash = "sha256:42d109fcaae896033d4915bf73cb324a76d60a7ece43cb4daad6e06e2271177f"},
    {file = "pymediainfo_pyrofork-6.0.1-py2.py3-none-any.whl", hash = "sha256:54bd3d4b50c6cd40e779b23c8135b470ef38a873aa523b3a55cb001901890575"},
]

[[package]]
name = "pymongo"
version = "4.9.2"
description = "Python driver for MongoDB <http://www.mongodb.org>"
optional = false
python-versions = ">=3.8"
files = [
    {file = "pymongo-4.9.2-cp310-cp310-macosx_10_9_x86_64.whl", hash = "sha256:ab8d54529feb6e29035ba8f0570c99ad36424bc26486c238ad7ce28597bc43c8"},
    {file = "pymongo-4.9.2-cp310-cp310-macosx_11_0_arm64.whl", hash = "sha256:f928bdc152a995cbd0b563fab201b2df873846d11f7a41d1f8cc8a01b35591ab"},
    {file = "pymongo-4.9.2-cp310-cp310-manylinux_2_17_aarch64.manylinux2014_aarch64.whl", hash = "sha256:b6e7251d59fa3dcbb1399a71a3aec63768cebc6b22180b671601c2195fe1f90a"},
    {file = "pymongo-4.9.2-cp310-cp310-manylinux_2_17_ppc64le.manylinux2014_ppc64le.whl", hash = "sha256:0e759ed0459e7264a11b6896016f616341a8e4c6ab7f71ae651bd21ffc7e9524"},
    {file = "pymongo-4.9.2-cp310-cp310-manylinux_2_17_s390x.manylinux2014_s390x.whl", hash = "sha256:f3fc60f242191840ccf02b898bc615b5141fbb70064f38f7e60fcaa35d3b5efd"},
    {file = "pymongo-4.9.2-cp310-cp310-manylinux_2_17_x86_64.manylinux2014_x86_64.whl", hash = "sha256:6c798351666ac97a0ddaa823689061c3af949c2d6acf7fb2d9ab0a7f465ced79"},
    {file = "pymongo-4.9.2-cp310-cp310-manylinux_2_5_i686.manylinux1_i686.manylinux_2_17_i686.manylinux2014_i686.whl", hash = "sha256:aac78b5fdd49ed8cae49adf76befacb02293a23b412676775c4715148e166d85"},
    {file = "pymongo-4.9.2-cp310-cp310-win32.whl", hash = "sha256:bf77bf175c315e299a91332c2bbebc097c4d4fcc8713e513a9861684aa39023a"},
    {file = "pymongo-4.9.2-cp310-cp310-win_amd64.whl", hash = "sha256:c42b5aad8971256365bfd0a545fb1c7a199c93db80decd298ea2f987419e2a6d"},
    {file = "pymongo-4.9.2-cp311-cp311-macosx_10_9_x86_64.whl", hash = "sha256:99e40f44877b32bf4b3c46ceed2228f08c222cf7dec8a4366dd192a1429143fa"},
    {file = "pymongo-4.9.2-cp311-cp311-macosx_11_0_arm64.whl", hash = "sha256:6f6834d575ed87edc7dfcab4501d961b6a423b3839edd29ecb1382eee7736777"},
    {file = "pymongo-4.9.2-cp311-cp311-manylinux_2_17_aarch64.manylinux2014_aarch64.whl", hash = "sha256:3010018f5672e5b7e8d096dea9f1ea6545b05345ff0eb1754f6ee63785550773"},
    {file = "pymongo-4.9.2-cp311-cp311-manylinux_2_17_ppc64le.manylinux2014_ppc64le.whl", hash = "sha256:69394ee9f0ce38ff71266bad01b7e045cd75e58500ebad5d72187cbabf2e652a"},
    {file = "pymongo-4.9.2-cp311-cp311-manylinux_2_17_s390x.manylinux2014_s390x.whl", hash = "sha256:87b18094100f21615d9db99c255dcd9e93e476f10fb03c1d3632cf4b82d201d2"},
    {file = "pymongo-4.9.2-cp311-cp311-manylinux_2_17_x86_64.manylinux2014_x86_64.whl", hash = "sha256:3039e093d28376d6a54bdaa963ca12230c8a53d7b19c8e6368e19bcfbd004176"},
    {file = "pymongo-4.9.2-cp311-cp311-manylinux_2_5_i686.manylinux1_i686.manylinux_2_17_i686.manylinux2014_i686.whl", hash = "sha256:6ab42d9ee93fe6b90020c42cba5bfb43a2b4660951225d137835efc21940da48"},
    {file = "pymongo-4.9.2-cp311-cp311-win32.whl", hash = "sha256:a663ca60e187a248d370c58961e40f5463077d2b43831eb92120ea28a79ecf96"},
    {file = "pymongo-4.9.2-cp311-cp311-win_amd64.whl", hash = "sha256:24e7b6887bbfefd05afed26a99a2c69459e2daa351a43a410de0d6c0ee3cce4e"},
    {file = "pymongo-4.9.2-cp312-cp312-macosx_10_13_x86_64.whl", hash = "sha256:8083bbe8cb10bb33dca4d93f8223dd8d848215250bb73867374650bac5fe69e1"},
    {file = "pymongo-4.9.2-cp312-cp312-macosx_11_0_arm64.whl", hash = "sha256:a1b8c636bf557c7166e3799bbf1120806ca39e3f06615b141c88d9c9ceae4d8c"},
    {file = "pymongo-4.9.2-cp312-cp312-manylinux_2_17_aarch64.manylinux2014_aarch64.whl", hash = "sha256:8aac5dce28454f47576063fbad31ea9789bba67cab86c95788f97aafd810e65b"},
    {file = "pymongo-4.9.2-cp312-cp312-manylinux_2_17_ppc64le.manylinux2014_ppc64le.whl", hash = "sha256:d1d5e7123af1fddf15b2b53e58f20bf5242884e671bcc3860f5e954fe13aeddd"},
    {file = "pymongo-4.9.2-cp312-cp312-manylinux_2_17_s390x.manylinux2014_s390x.whl", hash = "sha256:fe97c847b56d61e533a7af0334193d6b28375b9189effce93129c7e4733794a9"},
    {file = "pymongo-4.9.2-cp312-cp312-manylinux_2_17_x86_64.manylinux2014_x86_64.whl", hash = "sha256:96ad54433a996e2d1985a9cd8fc82538ca8747c95caae2daf453600cc8c317f9"},
    {file = "pymongo-4.9.2-cp312-cp312-manylinux_2_5_i686.manylinux1_i686.manylinux_2_17_i686.manylinux2014_i686.whl", hash = "sha256:98b9cade40f5b13e04492a42ae215c3721099be1014ddfe0fbd23f27e4f62c0c"},
    {file = "pymongo-4.9.2-cp312-cp312-win32.whl", hash = "sha256:dde6068ae7c62ea8ee2c5701f78c6a75618cada7e11f03893687df87709558de"},
    {file = "pymongo-4.9.2-cp312-cp312-win_amd64.whl", hash = "sha256:e1ab6cd7cd2d38ffc7ccdc79fdc166c7a91a63f844a96e3e6b2079c054391c68"},
    {file = "pymongo-4.9.2-cp313-cp313-macosx_10_13_x86_64.whl", hash = "sha256:1ad79d6a74f439a068caf9a1e2daeabc20bf895263435484bbd49e90fbea7809"},
    {file = "pymongo-4.9.2-cp313-cp313-macosx_11_0_arm64.whl", hash = "sha256:877699e21703717507cbbea23e75b419f81a513b50b65531e1698df08b2d7094"},
    {file = "pymongo-4.9.2-cp313-cp313-manylinux_2_17_aarch64.manylinux2014_aarch64.whl", hash = "sha256:bc9322ce7cf116458a637ac10517b0c5926a8211202be6dbdc51dab4d4a9afc8"},
    {file = "pymongo-4.9.2-cp313-cp313-manylinux_2_17_ppc64le.manylinux2014_ppc64le.whl", hash = "sha256:cca029f46acf475504eedb33c7839f030c4bc4f946dcba12d9a954cc48850b79"},
    {file = "pymongo-4.9.2-cp313-cp313-manylinux_2_17_s390x.manylinux2014_s390x.whl", hash = "sha256:2c8c861e77527eec5a4b7363c16030dd0374670b620b08a5300f97594bbf5a40"},
    {file = "pymongo-4.9.2-cp313-cp313-manylinux_2_17_x86_64.manylinux2014_x86_64.whl", hash = "sha256:1fc70326ae71b3c7b8d6af82f46bb71dafdba3c8f335b29382ae9cf263ef3a5c"},
    {file = "pymongo-4.9.2-cp313-cp313-manylinux_2_5_i686.manylinux1_i686.manylinux_2_17_i686.manylinux2014_i686.whl", hash = "sha256:ba9d2f6df977fee24437f82f7412460b0628cd6b961c4235c9cff71577a5b61f"},
    {file = "pymongo-4.9.2-cp313-cp313-win32.whl", hash = "sha256:b3254769e708bc4aa634745c262081d13c841a80038eff3afd15631540a1d227"},
    {file = "pymongo-4.9.2-cp313-cp313-win_amd64.whl", hash = "sha256:169b85728cc17800344ba17d736375f400ef47c9fbb4c42910c4b3e7c0247382"},
    {file = "pymongo-4.9.2-cp38-cp38-macosx_10_9_x86_64.whl", hash = "sha256:c3f28afd783be3cebef1235a45340589169d7774cd9909ba0249e2f851ff511d"},
    {file = "pymongo-4.9.2-cp38-cp38-macosx_11_0_arm64.whl", hash = "sha256:7a0b2e7fedc5911cd44590b5fd8e3714029f378f37f3c0c2043f67150b588d4a"},
    {file = "pymongo-4.9.2-cp38-cp38-manylinux_2_17_aarch64.manylinux2014_aarch64.whl", hash = "sha256:5af264b9a973859123e3129d131d7246f57659304400e3e6b35ed6eaf099854d"},
    {file = "pymongo-4.9.2-cp38-cp38-manylinux_2_17_ppc64le.manylinux2014_ppc64le.whl", hash = "sha256:65c6b2e2a6db38f49433021dda0802ad081118224b2264500ef03a2d82ae26a7"},
    {file = "pymongo-4.9.2-cp38-cp38-manylinux_2_17_s390x.manylinux2014_s390x.whl", hash = "sha256:410ea165f2f819118eed764c5faa35fa71aeff5ce8b5046af99ed158a5661e9e"},
    {file = "pymongo-4.9.2-cp38-cp38-manylinux_2_17_x86_64.manylinux2014_x86_64.whl", hash = "sha256:3c3c71337d4c923f719cb56253af9244e90353a2454088ee4f184bfb0dd446a4"},
    {file = "pymongo-4.9.2-cp38-cp38-manylinux_2_5_i686.manylinux1_i686.manylinux_2_17_i686.manylinux2014_i686.whl", hash = "sha256:77528a2b928fe3f1f655cefa195e6718ab1ccd1a456aba486d76318e526a7fac"},
    {file = "pymongo-4.9.2-cp38-cp38-manylinux_2_5_i686.manylinux1_i686.whl", hash = "sha256:fdbd558d90b55d7c39c096a79f8a725f1f02b658211924ab98dbc03ecad01095"},
    {file = "pymongo-4.9.2-cp38-cp38-manylinux_2_5_x86_64.manylinux1_x86_64.whl", hash = "sha256:e3ff4201ea707f57bf381f61df0e9cd6e896627a59f98a5d1c4a1bd14a2544cb"},
    {file = "pymongo-4.9.2-cp38-cp38-win32.whl", hash = "sha256:ae227bba43e2e6fc8c3440a70b3b8f9ab2b0eb0906d0d2cf814dd9490c572e2a"},
    {file = "pymongo-4.9.2-cp38-cp38-win_amd64.whl", hash = "sha256:a92c96886048d3ebae62dbcfc775c7f2b965270160e3cb6aab4e06750e030b05"},
    {file = "pymongo-4.9.2-cp39-cp39-macosx_10_9_x86_64.whl", hash = "sha256:e54e2c6f1dec45c57a587b4c13c16666d5f7c031a642ae177140d1e0551a947e"},
    {file = "pymongo-4.9.2-cp39-cp39-macosx_11_0_arm64.whl", hash = "sha256:a49d9292f22a0395c0fd2822a06e385910f1f902c3a9feafc1d0bfc27cd2df6b"},
    {file = "pymongo-4.9.2-cp39-cp39-manylinux_2_17_aarch64.manylinux2014_aarch64.whl", hash = "sha256:80a1ee9b72eebd96619ebe0beb718a5bcf2a70f464edf315f97b9315ed6854a9"},
    {file = "pymongo-4.9.2-cp39-cp39-manylinux_2_17_ppc64le.manylinux2014_ppc64le.whl", hash = "sha256:ea9c47f86a322280381e9ddba7491e664ea80bf75df247ea2346faf7626e4e4c"},
    {file = "pymongo-4.9.2-cp39-cp39-manylinux_2_17_s390x.manylinux2014_s390x.whl", hash = "sha256:bf963104dfd7235bebc44cef40b4b12c6638bb03b3a828cb495498e286b6edd0"},
    {file = "pymongo-4.9.2-cp39-cp39-manylinux_2_17_x86_64.manylinux2014_x86_64.whl", hash = "sha256:f13330bdf4a57ef70bdd6282721547ec464f773203be47bac1efc4abd74a9190"},
    {file = "pymongo-4.9.2-cp39-cp39-manylinux_2_5_i686.manylinux1_i686.manylinux_2_17_i686.manylinux2014_i686.whl", hash = "sha256:7fb10d7069f1e7d7d6a458b1c5e9d1454be6eca2d9885bec25c1202e22c88d2a"},
    {file = "pymongo-4.9.2-cp39-cp39-manylinux_2_5_i686.manylinux1_i686.whl", hash = "sha256:cd832de5df92caa68ee66c872708951d7e0c1f7b289b74189f2ccf1832c56dda"},
    {file = "pymongo-4.9.2-cp39-cp39-manylinux_2_5_x86_64.manylinux1_x86_64.whl", hash = "sha256:3f55efe0f77198c055800e605268bfd77a3f0223d1a80b55b771d0c350bc3ade"},
    {file = "pymongo-4.9.2-cp39-cp39-win32.whl", hash = "sha256:f2f43e5d6e739aa78c7053bdf351453c0e53d7667a3cac73255c2169631e052a"},
    {file = "pymongo-4.9.2-cp39-cp39-win_amd64.whl", hash = "sha256:31c35d3dac5a1b0f65b3da2a19dc7fb88271c86329c75cfea775d5381ade6c06"},
    {file = "pymongo-4.9.2.tar.gz", hash = "sha256:3e63535946f5df7848307b9031aa921f82bb0cbe45f9b0c3296f2173f9283eb0"},
]

[package.dependencies]
dnspython = ">=1.16.0,<3.0.0"

[package.extras]
aws = ["pymongo-auth-aws (>=1.1.0,<2.0.0)"]
docs = ["furo (==2023.9.10)", "readthedocs-sphinx-search (>=0.3,<1.0)", "sphinx (>=5.3,<8)", "sphinx-autobuild (>=2020.9.1)", "sphinx-rtd-theme (>=2,<3)", "sphinxcontrib-shellcheck (>=1,<2)"]
encryption = ["certifi", "pymongo-auth-aws (>=1.1.0,<2.0.0)", "pymongocrypt (>=1.10.0,<2.0.0)"]
gssapi = ["pykerberos", "winkerberos (>=0.5.0)"]
ocsp = ["certifi", "cryptography (>=2.5)", "pyopenssl (>=17.2.0)", "requests (<3.0.0)", "service-identity (>=18.1.0)"]
snappy = ["python-snappy"]
test = ["pytest (>=8.2)", "pytest-asyncio (>=0.24.0)"]
zstd = ["zstandard"]

[[package]]
name = "pyrofork"
version = "2.3.24"
description = "Fork of pyrogram. Elegant, modern and asynchronous Telegram MTProto API framework in Python for users and bots"
optional = false
python-versions = "~=3.8"
files = [
    {file = "pyrofork-2.3.24-py3-none-any.whl", hash = "sha256:60a29f8b53aecb3cdc021831bd3972f6bd91cbb36b3c3390c8308488065008bf"},
    {file = "pyrofork-2.3.24.tar.gz", hash = "sha256:6c5a7e9d13bb87675799f6b8d048fd52d5f3209f694a8c45ace32dc2258a9741"},
]

[package.dependencies]
pyaes = "1.6.1"
pymediainfo-pyrofork = ">=6.0.1,<7.0.0"
pysocks = "1.7.1"

[package.extras]
dev = ["hatch (>=1.7.0)", "pytest (>=7.4.3)", "pytest-asyncio (>=0.21.1)", "pytest-cov (>=4.1.0)", "twine (>=4.0.2)"]
docs = ["sphinx", "sphinx-autobuild", "sphinx-copybutton", "sphinx-immaterial (==0.11.11)", "tornado (>=6.3.3)"]
speedup = ["tgcrypto-pyrofork (>=1.2.6)", "uvloop (>=0.19.0)"]

[[package]]
name = "pysocks"
version = "1.7.1"
description = "A Python SOCKS client module. See https://github.com/Anorov/PySocks for more information."
optional = false
python-versions = ">=2.7, !=3.0.*, !=3.1.*, !=3.2.*, !=3.3.*"
files = [
    {file = "PySocks-1.7.1-py27-none-any.whl", hash = "sha256:08e69f092cc6dbe92a0fdd16eeb9b9ffbc13cadfe5ca4c7bd92ffb078b293299"},
    {file = "PySocks-1.7.1-py3-none-any.whl", hash = "sha256:2725bd0a9925919b9b51739eea5f9e2bae91e83288108a9ad338b2e3a4435ee5"},
    {file = "PySocks-1.7.1.tar.gz", hash = "sha256:3f8804571ebe159c380ac6de37643bb4685970655d3bba243530d6558b799aa0"},
]

[[package]]
name = "tgcrypto-pyrofork"
version = "1.2.6"
description = "Fast and Portable Cryptography Extension Library for Pyrofork"
optional = false
python-versions = "~=3.8"
files = [
    {file = "TgCrypto_pyrofork-1.2.6-cp310-cp310-macosx_10_9_universal2.whl", hash = "sha256:c30c7afb57fa7a7beab2af12b7468542f388de4eb4a755a5141957e641c2b53f"},
    {file = "TgCrypto_pyrofork-1.2.6-cp310-cp310-macosx_10_9_x86_64.whl", hash = "sha256:5ec9bf058e7701e111ee21cb4476d373413b8f12dd50876e3d2f9dc744d92b3b"},
    {file = "TgCrypto_pyrofork-1.2.6-cp310-cp310-macosx_11_0_arm64.whl", hash = "sha256:386a0d08171b0cacf0115531512abb0fa5b600e46d9c020bca52a37058cc8036"},
    {file = "TgCrypto_pyrofork-1.2.6-cp310-cp310-manylinux_2_17_aarch64.manylinux2014_aarch64.whl", hash = "sha256:fa8ff26955018e57c439fee623351fef61a6361719b136a39c8ba926e7a8c91d"},
    {file = "TgCrypto_pyrofork-1.2.6-cp310-cp310-manylinux_2_17_x86_64.manylinux2014_x86_64.whl", hash = "sha256:be29c15fbc8e81e5b3e70caf51f1fcf6b2ee791fe8eeb195e91a2e52c21d28e9"},
    {file = "TgCrypto_pyrofork-1.2.6-cp310-cp310-manylinux_2_5_i686.manylinux1_i686.manylinux_2_17_i686.manylinux2014_i686.whl", hash = "sha256:dc9df6d8c628bf3d2993acaf19940d0675267f93a667c8776af434e0336face1"},
    {file = "TgCrypto_pyrofork-1.2.6-cp310-cp310-musllinux_1_1_i686.whl", hash = "sha256:d1d48f371cdaa2f5320fa69eaed4b0f386c067c6f62934d728c9484c0477f2e4"},
    {file = "TgCrypto_pyrofork-1.2.6-cp310-cp310-musllinux_1_1_x86_64.whl", hash = "sha256:a5988dfae327466a3a69d700e96265c093a0d28b2bdfb1d023e85f03a051426d"},
    {file = "TgCrypto_pyrofork-1.2.6-cp310-cp310-musllinux_1_2_aarch64.whl", hash = "sha256:4a53bddb96c497375ddb038788de1ecd6a2a316cd7459e22e5073428b00d8dee"},
    {file = "TgCrypto_pyrofork-1.2.6-cp310-cp310-win32.whl", hash = "sha256:cc2d0373e4d586192dc913b814b29bea26b67fc101dfb94b06ae968af1ae3818"},
    {file = "TgCrypto_pyrofork-1.2.6-cp310-cp310-win_amd64.whl", hash = "sha256:fa9f15908f105cd85dd737938c8fa5c0152b2e21c728781cc8d5e85e516ea4cc"},
    {file = "TgCrypto_pyrofork-1.2.6-cp311-cp311-macosx_10_9_universal2.whl", hash = "sha256:764cb9cddd568a06ef39e97b8216b3cebd9be46d2aa7b6fbdad060884a591556"},
    {file = "TgCrypto_pyrofork-1.2.6-cp311-cp311-macosx_10_9_x86_64.whl", hash = "sha256:370f3e5a026476ac9234f15995dad5a3e363503459b4a69a33a8de5ec72e0f67"},
    {file = "TgCrypto_pyrofork-1.2.6-cp311-cp311-macosx_11_0_arm64.whl", hash = "sha256:97b3871e096dafab03448b5dacf624f8407b8e4d2d8347c8293b1611d07f7937"},
    {file = "TgCrypto_pyrofork-1.2.6-cp311-cp311-manylinux_2_17_aarch64.manylinux2014_aarch64.whl", hash = "sha256:b8cf6c0274270a5fce691217035ec1775787ed9473722658eec38f03f0d59ca9"},
    {file = "TgCrypto_pyrofork-1.2.6-cp311-cp311-manylinux_2_17_x86_64.manylinux2014_x86_64.whl", hash = "sha256:7a1339a6e86ebb04092e09f8e6a150d10afc1e4acaeb91e65b01dd85ab7042dd"},
    {file = "TgCrypto_pyrofork-1.2.6-cp311-cp311-manylinux_2_5_i686.manylinux1_i686.manylinux_2_17_i686.manylinux2014_i686.whl", hash = "sha256:489225ea5bc5d9b590888e961928994ddea14da7de20e936bc5c0e3823d63d58"},
    {file = "TgCrypto_pyrofork-1.2.6-cp311-cp311-musllinux_1_1_i686.whl", hash = "sha256:82283b8797fd9ff27b4318a606e97e66197726333696bebef7b3ce709d9b3395"},
    {file = "TgCrypto_pyrofork-1.2.6-cp311-cp311-musllinux_1_1_x86_64.whl", hash = "sha256:05f394449315b22299d9b506813c00d69c7069a3522cf98792b6f36f6c9b6a82"},
    {file = "TgCrypto_pyrofork-1.2.6-cp311-cp311-musllinux_1_2_aarch64.whl", hash = "sha256:5704b7b2fb461ef2d1f922f6958c4e3224a3d317ae6cb4dde42f16c1d9a1b847"},
    {file = "TgCrypto_pyrofork-1.2.6-cp311-cp311-win32.whl", hash = "sha256:26a16e88b845c3f384cf74152572982d99f5315ae9dd635b923aef38e46c26f0"},
    {file = "TgCrypto_pyrofork-1.2.6-cp311-cp311-win_amd64.whl", hash = "sha256:c388d8e9676258c9d9294f8a9b2a38664e1d901ff1b96fc0c65732c80e4389b4"},
    {file = "TgCrypto_pyrofork-1.2.6-cp312-cp312-macosx_10_9_universal2.whl", hash = "sha256:d9bce7c7bf8d71e04be75927b9fcb1f8b2ef29bd8091c459004c2dab07cfd341"},
    {file = "TgCrypto_pyrofork-1.2.6-cp312-cp312-macosx_10_9_x86_64.whl", hash = "sha256:6f7f83b5bbad015487b17c18ec6cd0a47b4aa277d5f9fb59fa0cdbd48815349a"},
    {file = "TgCrypto_pyrofork-1.2.6-cp312-cp312-macosx_11_0_arm64.whl", hash = "sha256:a7bc307d47c9945d27c3aec77f5053e87a48f59562af07da4b74b0bb897df74a"},
    {file = "TgCrypto_pyrofork-1.2.6-cp312-cp312-manylinux_2_17_aarch64.manylinux2014_aarch64.whl", hash = "sha256:71b0eddf18790f4caf7d732528d54eb20752d691f517a3e30ef1c6dae9c0d3f8"},
    {file = "TgCrypto_pyrofork-1.2.6-cp312-cp312-manylinux_2_17_x86_64.manylinux2014_x86_64.whl", hash = "sha256:869f5afaf60714ed469de2941bd68214e34b3353562610af2d46bd9dfa0e15d4"},
    {file = "TgCrypto_pyrofork-1.2.6-cp312-cp312-manylinux_2_5_i686.manylinux1_i686.manylinux_2_17_i686.manylinux2014_i686.whl", hash = "sha256:3d8b414330a9ff29bbfb91577c23a908f791fef4ff14531a30ff0c9020c9593c"},
    {file = "TgCrypto_pyrofork-1.2.6-cp312-cp312-musllinux_1_1_i686.whl", hash = "sha256:566a2a2e43eb0164d40cbe0183337b8bd8c4d33dd700b4a820becfbe439e3a2c"},
    {file = "TgCrypto_pyrofork-1.2.6-cp312-cp312-musllinux_1_1_x86_64.whl", hash = "sha256:d6e875f8c5aca85927a9a04eeecfebee6a8e6b44089a9f55797c495228a77a66"},
    {file = "TgCrypto_pyrofork-1.2.6-cp312-cp312-musllinux_1_2_aarch64.whl", hash = "sha256:29aa0f0d0683cacf7eff77fed3a91b388a2d4483e488fd157033108d9d90f1ca"},
    {file = "TgCrypto_pyrofork-1.2.6-cp312-cp312-win32.whl", hash = "sha256:5f35b4d3569a8558b62e4686095cbb69c3bdc9fd075a2cab450e76d091e2c105"},
    {file = "TgCrypto_pyrofork-1.2.6-cp312-cp312-win_amd64.whl", hash = "sha256:8bcd529db8dc76bb48556c38136b2d232b1cf60b3da4f6e8cacf7d41264f370e"},
    {file = "TgCrypto_pyrofork-1.2.6-cp38-cp38-macosx_10_9_universal2.whl", hash = "sha256:c7dff09a94e58f517d1d52335d9050bc7fdb6d95ec690898f717d85a72e18b84"},
    {file = "TgCrypto_pyrofork-1.2.6-cp38-cp38-macosx_10_9_x86_64.whl", hash = "sha256:bc29d4ba161b17f94fcd98b2b61b8bc6396d7db3d38cf217a9501e5a2ce97f13"},
    {file = "TgCrypto_pyrofork-1.2.6-cp38-cp38-macosx_11_0_arm64.whl", hash = "sha256:ace5c42608c93ad482933c33ff9e03a74782cdc1dd1a6854e1dd99980fb275d1"},
    {file = "TgCrypto_pyrofork-1.2.6-cp38-cp38-manylinux_2_17_aarch64.manylinux2014_aarch64.whl", hash = "sha256:8404f187264bd8918b6f918d3df9bd66b0f2b9cd08ba4d66afb9d502ad27af69"},
    {file = "TgCrypto_pyrofork-1.2.6-cp38-cp38-manylinux_2_17_x86_64.manylinux2014_x86_64.whl", hash = "sha256:ff2f659953285c7dedc5a745b18f75a6c06ee0cf57a5ea8dbff459a9c7a3c323"},
    {file = "TgCrypto_pyrofork-1.2.6-cp38-cp38-manylinux_2_5_i686.manylinux1_i686.manylinux_2_17_i686.manylinux2014_i686.whl", hash = "sha256:47986614252dcdbcd89aef9f5ee223d0d1af0ab9dc3a3a3d98d60489d1d5d1b1"},
    {file = "TgCrypto_pyrofork-1.2.6-cp38-cp38-musllinux_1_1_i686.whl", hash = "sha256:7e820f51d5aa8aea853b898dcd21a9070b463c86f6db39174b7fdd8b221ffd8f"},
    {file = "TgCrypto_pyrofork-1.2.6-cp38-cp38-musllinux_1_1_x86_64.whl", hash = "sha256:6d38f916b61614ffd7dbfca5d29f765f0c6153751430e4476ac4acff8318dce3"},
    {file = "TgCrypto_pyrofork-1.2.6-cp38-cp38-musllinux_1_2_aarch64.whl", hash = "sha256:c9998f19967e6dc0a4d6f129ea2df266efb82236dd023f94141fd57021e1e18a"},
    {file = "TgCrypto_pyrofork-1.2.6-cp38-cp38-win32.whl", hash = "sha256:1bc27a1865a928a7428b143ae8b291b550e8d9d64b980c142942900bae667729"},
    {file = "TgCrypto_pyrofork-1.2.6-cp38-cp38-win_amd64.whl", hash = "sha256:772385248ca67dfd5e1c044f1dd5a0df67182c54441b98c06002077822d605f4"},
    {file = "TgCrypto_pyrofork-1.2.6-cp39-cp39-macosx_10_9_universal2.whl", hash = "sha256:966346cac896c701e140af8a235ff79456e640e078b7ef7fa6df407ff72fc05a"},
    {file = "TgCrypto_pyrofork-1.2.6-cp39-cp39-macosx_10_9_x86_64.whl", hash = "sha256:e32477ec43b6c30ef19e96fe7dc282d58d4135fad65bf05fd0c3717ee126fba9"},
    {file = "TgCrypto_pyrofork-1.2.6-cp39-cp39-macosx_11_0_arm64.whl", hash = "sha256:f2f869110b0f4ec763460c0cf3784d55c629fb8cc5cc7144a394ce765b0660a4"},
    {file = "TgCrypto_pyrofork-1.2.6-cp39-cp39-manylinux_2_17_aarch64.manylinux2014_aarch64.whl", hash = "sha256:e0272495aaed2be80ff09e26e500faaf894c8d4ae34bc17c53b7fb2d352df937"},
    {file = "TgCrypto_pyrofork-1.2.6-cp39-cp39-manylinux_2_17_x86_64.manylinux2014_x86_64.whl", hash = "sha256:32c9210b65735c37b7e27e77e92735a0c346179cf242d1fdf703cbb252cc3113"},
    {file = "TgCrypto_pyrofork-1.2.6-cp39-cp39-manylinux_2_5_i686.manylinux1_i686.manylinux_2_17_i686.manylinux2014_i686.whl", hash = "sha256:c370ed8ac3b5c8222fe595406ae62e366d331ff0c4e796420465bfc1a5f33a7c"},
    {file = "TgCrypto_pyrofork-1.2.6-cp39-cp39-musllinux_1_1_i686.whl", hash = "sha256:d1fb40de3bb79994cfe31866851e176a4fa3be441aa69ad8d7e6ff5fcd5704c3"},
    {file = "TgCrypto_pyrofork-1.2.6-cp39-cp39-musllinux_1_1_x86_64.whl", hash = "sha256:97bf46f6fc9976dcd35bcff25ca740040f197d048b3756a38d43c793b74ceda9"},
    {file = "TgCrypto_pyrofork-1.2.6-cp39-cp39-musllinux_1_2_aarch64.whl", hash = "sha256:57ac57947fb0594f22643489ea3ae7f8fc1b381ea291d6fc80b8a58301c82076"},
    {file = "TgCrypto_pyrofork-1.2.6-cp39-cp39-win32.whl", hash = "sha256:1f2678af8014934fba97419c6e2488b467ffd9216947dda71b7cb33df9134917"},
    {file = "TgCrypto_pyrofork-1.2.6-cp39-cp39-win_amd64.whl", hash = "sha256:8db1834d33050b405cd0fca31040bfa90e6ebb184b84343c3ae05d785a4cc406"},
    {file = "TgCrypto_pyrofork-1.2.6-pp310-pypy310_pp73-macosx_10_9_x86_64.whl", hash = "sha256:ee8a942c121c2716b0a8b78230bb4cb1a4645641a4a1d0562dcfaf0ef8e93bff"},
    {file = "TgCrypto_pyrofork-1.2.6-pp310-pypy310_pp73-manylinux_2_17_aarch64.manylinux2014_aarch64.whl", hash = "sha256:f621aad0c3f7cee7c5de03ca88f2eb684982eee11d0a2ebe24f051c01d15fdf7"},
    {file = "TgCrypto_pyrofork-1.2.6-pp310-pypy310_pp73-manylinux_2_17_x86_64.manylinux2014_x86_64.whl", hash = "sha256:17360ce41d1af4aab617a3e6df304361ca1638e879b70eaaa93b1d9a5af2ed71"},
    {file = "TgCrypto_pyrofork-1.2.6-pp310-pypy310_pp73-manylinux_2_5_i686.manylinux1_i686.manylinux_2_17_i686.manylinux2014_i686.whl", hash = "sha256:9e67a014aa09f155ce3f5cd7ea56c81395ddd5cf455c9a4489b8a74a60d4a29d"},
    {file = "TgCrypto_pyrofork-1.2.6-pp310-pypy310_pp73-win_amd64.whl", hash = "sha256:90fec9d35b6822c35118a8f342bb90eb18dc5c14e7674b40e1fa6435a08141c8"},
    {file = "TgCrypto_pyrofork-1.2.6-pp38-pypy38_pp73-macosx_10_9_x86_64.whl", hash = "sha256:14daaad587a5c7c0a4f9a67b8245701f9bb527f42473a22843945b0e695903d9"},
    {file = "TgCrypto_pyrofork-1.2.6-pp38-pypy38_pp73-manylinux_2_17_aarch64.manylinux2014_aarch64.whl", hash = "sha256:4172f0af4d9b16fe77593f51e987e341170ff639a5121c7245a868d998107a53"},
    {file = "TgCrypto_pyrofork-1.2.6-pp38-pypy38_pp73-manylinux_2_17_x86_64.manylinux2014_x86_64.whl", hash = "sha256:4b1d1e3505cd6deba99df3125f07ad47ac6d996a98463ec14e48bd8e3fc42e15"},
    {file = "TgCrypto_pyrofork-1.2.6-pp38-pypy38_pp73-manylinux_2_5_i686.manylinux1_i686.manylinux_2_17_i686.manylinux2014_i686.whl", hash = "sha256:9678c4ac969aec333e4c4bca475b182bb4416962dc72804ea90add9d45a02c16"},
    {file = "TgCrypto_pyrofork-1.2.6-pp38-pypy38_pp73-win_amd64.whl", hash = "sha256:d98a58dac1c9b665aca3f89d8964d13be0be9d09b064be83ed48be8828e712c9"},
    {file = "TgCrypto_pyrofork-1.2.6-pp39-pypy39_pp73-macosx_10_9_x86_64.whl", hash = "sha256:82f281678609091bb2d2f599cd09ab1ea599a6fd23ed19d929d42f6eeb9f7e05"},
    {file = "TgCrypto_pyrofork-1.2.6-pp39-pypy39_pp73-manylinux_2_17_aarch64.manylinux2014_aarch64.whl", hash = "sha256:db596ccb8739540102038e550f6a460063a188f7049240b91968f11617740911"},
    {file = "TgCrypto_pyrofork-1.2.6-pp39-pypy39_pp73-manylinux_2_17_x86_64.manylinux2014_x86_64.whl", hash = "sha256:6a099f22cc342ee5818268f1de0f2fd5dfe3fa04527d01db9e48f6b38a236423"},
    {file = "TgCrypto_pyrofork-1.2.6-pp39-pypy39_pp73-manylinux_2_5_i686.manylinux1_i686.manylinux_2_17_i686.manylinux2014_i686.whl", hash = "sha256:64176a1014c4693e0bcd4601cff3e2b6ce8b89db1caa21b8520ce4d822665f40"},
    {file = "TgCrypto_pyrofork-1.2.6-pp39-pypy39_pp73-win_amd64.whl", hash = "sha256:0a1ab7e4bb62c51d17f0eff0d6358d32c837e1e85476b1e59dff5cc59534d004"},
    {file = "tgcrypto_pyrofork-1.2.6.tar.gz", hash = "sha256:f753ce1eb4287f7d0038e2333dabd2d36ff252af052319fa688458da79767b07"},
]

[[package]]
name = "uvloop"
version = "0.19.0"
description = "Fast implementation of asyncio event loop on top of libuv"
optional = false
python-versions = ">=3.8.0"
files = [
    {file = "uvloop-0.19.0-cp310-cp310-macosx_10_9_universal2.whl", hash = "sha256:de4313d7f575474c8f5a12e163f6d89c0a878bc49219641d49e6f1444369a90e"},
    {file = "uvloop-0.19.0-cp310-cp310-macosx_10_9_x86_64.whl", hash = "sha256:5588bd21cf1fcf06bded085f37e43ce0e00424197e7c10e77afd4bbefffef428"},
    {file = "uvloop-0.19.0-cp310-cp310-manylinux_2_17_aarch64.manylinux2014_aarch64.whl", hash = "sha256:7b1fd71c3843327f3bbc3237bedcdb6504fd50368ab3e04d0410e52ec293f5b8"},
    {file = "uvloop-0.19.0-cp310-cp310-manylinux_2_17_x86_64.manylinux2014_x86_64.whl", hash = "sha256:5a05128d315e2912791de6088c34136bfcdd0c7cbc1cf85fd6fd1bb321b7c849"},
    {file = "uvloop-0.19.0-cp310-cp310-musllinux_1_1_aarch64.whl", hash = "sha256:cd81bdc2b8219cb4b2556eea39d2e36bfa375a2dd021404f90a62e44efaaf957"},
    {file = "uvloop-0.19.0-cp310-cp310-musllinux_1_1_x86_64.whl", hash = "sha256:5f17766fb6da94135526273080f3455a112f82570b2ee5daa64d682387fe0dcd"},
    {file = "uvloop-0.19.0-cp311-cp311-macosx_10_9_universal2.whl", hash = "sha256:4ce6b0af8f2729a02a5d1575feacb2a94fc7b2e983868b009d51c9a9d2149bef"},
    {file = "uvloop-0.19.0-cp311-cp311-macosx_10_9_x86_64.whl", hash = "sha256:31e672bb38b45abc4f26e273be83b72a0d28d074d5b370fc4dcf4c4eb15417d2"},
    {file = "uvloop-0.19.0-cp311-cp311-manylinux_2_17_aarch64.manylinux2014_aarch64.whl", hash = "sha256:570fc0ed613883d8d30ee40397b79207eedd2624891692471808a95069a007c1"},
    {file = "uvloop-0.19.0-cp311-cp311-manylinux_2_17_x86_64.manylinux2014_x86_64.whl", hash = "sha256:5138821e40b0c3e6c9478643b4660bd44372ae1e16a322b8fc07478f92684e24"},
    {file = "uvloop-0.19.0-cp311-cp311-musllinux_1_1_aarch64.whl", hash = "sha256:91ab01c6cd00e39cde50173ba4ec68a1e578fee9279ba64f5221810a9e786533"},
    {file = "uvloop-0.19.0-cp311-cp311-musllinux_1_1_x86_64.whl", hash = "sha256:47bf3e9312f63684efe283f7342afb414eea4d3011542155c7e625cd799c3b12"},
    {file = "uvloop-0.19.0-cp312-cp312-macosx_10_9_universal2.whl", hash = "sha256:da8435a3bd498419ee8c13c34b89b5005130a476bda1d6ca8cfdde3de35cd650"},
    {file = "uvloop-0.19.0-cp312-cp312-macosx_10_9_x86_64.whl", hash = "sha256:02506dc23a5d90e04d4f65c7791e65cf44bd91b37f24cfc3ef6cf2aff05dc7ec"},
    {file = "uvloop-0.19.0-cp312-cp312-manylinux_2_17_aarch64.manylinux2014_aarch64.whl", hash = "sha256:2693049be9d36fef81741fddb3f441673ba12a34a704e7b4361efb75cf30befc"},
    {file = "uvloop-0.19.0-cp312-cp312-manylinux_2_17_x86_64.manylinux2014_x86_64.whl", hash = "sha256:7010271303961c6f0fe37731004335401eb9075a12680738731e9c92ddd96ad6"},
    {file = "uvloop-0.19.0-cp312-cp312-musllinux_1_1_aarch64.whl", hash = "sha256:5daa304d2161d2918fa9a17d5635099a2f78ae5b5960e742b2fcfbb7aefaa593"},
    {file = "uvloop-0.19.0-cp312-cp312-musllinux_1_1_x86_64.whl", hash = "sha256:7207272c9520203fea9b93843bb775d03e1cf88a80a936ce760f60bb5add92f3"},
    {file = "uvloop-0.19.0-cp38-cp38-macosx_10_9_universal2.whl", hash = "sha256:78ab247f0b5671cc887c31d33f9b3abfb88d2614b84e4303f1a63b46c046c8bd"},
    {file = "uvloop-0.19.0-cp38-cp38-macosx_10_9_x86_64.whl", hash = "sha256:472d61143059c84947aa8bb74eabbace30d577a03a1805b77933d6bd13ddebbd"},
    {file = "uvloop-0.19.0-cp38-cp38-manylinux_2_17_aarch64.manylinux2014_aarch64.whl", hash = "sha256:45bf4c24c19fb8a50902ae37c5de50da81de4922af65baf760f7c0c42e1088be"},
    {file = "uvloop-0.19.0-cp38-cp38-manylinux_2_17_x86_64.manylinux2014_x86_64.whl", hash = "sha256:271718e26b3e17906b28b67314c45d19106112067205119dddbd834c2b7ce797"},
    {file = "uvloop-0.19.0-cp38-cp38-musllinux_1_1_aarch64.whl", hash = "sha256:34175c9fd2a4bc3adc1380e1261f60306344e3407c20a4d684fd5f3be010fa3d"},
    {file = "uvloop-0.19.0-cp38-cp38-musllinux_1_1_x86_64.whl", hash = "sha256:e27f100e1ff17f6feeb1f33968bc185bf8ce41ca557deee9d9bbbffeb72030b7"},
    {file = "uvloop-0.19.0-cp39-cp39-macosx_10_9_universal2.whl", hash = "sha256:13dfdf492af0aa0a0edf66807d2b465607d11c4fa48f4a1fd41cbea5b18e8e8b"},
    {file = "uvloop-0.19.0-cp39-cp39-macosx_10_9_x86_64.whl", hash = "sha256:6e3d4e85ac060e2342ff85e90d0c04157acb210b9ce508e784a944f852a40e67"},
    {file = "uvloop-0.19.0-cp39-cp39-manylinux_2_17_aarch64.manylinux2014_aarch64.whl", hash = "sha256:8ca4956c9ab567d87d59d49fa3704cf29e37109ad348f2d5223c9bf761a332e7"},
    {file = "uvloop-0.19.0-cp39-cp39-manylinux_2_17_x86_64.manylinux2014_x86_64.whl", hash = "sha256:f467a5fd23b4fc43ed86342641f3936a68ded707f4627622fa3f82a120e18256"},
    {file = "uvloop-0.19.0-cp39-cp39-musllinux_1_1_aarch64.whl", hash = "sha256:492e2c32c2af3f971473bc22f086513cedfc66a130756145a931a90c3958cb17"},
    {file = "uvloop-0.19.0-cp39-cp39-musllinux_1_1_x86_64.whl", hash = "sha256:2df95fca285a9f5bfe730e51945ffe2fa71ccbfdde3b0da5772b4ee4f2e770d5"},
    {file = "uvloop-0.19.0.tar.gz", hash = "sha256:0246f4fd1bf2bf702e06b0d45ee91677ee5c31242f39aab4ea6fe0c51aedd0fd"},
]

[package.extras]
docs = ["Sphinx (>=4.1.2,<4.2.0)", "sphinx-rtd-theme (>=0.5.2,<0.6.0)", "sphinxcontrib-asyncio (>=0.3.0,<0.4.0)"]
test = ["Cython (>=0.29.36,<0.30.0)", "aiohttp (==3.9.0b0)", "aiohttp (>=3.8.1)", "flake8 (>=5.0,<6.0)", "mypy (>=0.800)", "psutil", "pyOpenSSL (>=23.0.0,<23.1.0)", "pycodestyle (>=2.9.0,<2.10.0)"]

[metadata]
lock-version = "2.0"
python-versions = "^3.10"
content-hash = "364e8ae5a728e60d1bb55e8991ea384bb6f7e6307c28af8d8c729b6636f6e45c"
